# This file is @generated by PDM.
# It is not intended for manual editing.

[metadata]
groups = ["default"]
strategy = ["inherit_metadata"]
lock_version = "4.5.0"
content_hash = "sha256:58299274c22dd48e6a9baea100c230ac098ba1341175b997a9ecdfa72fc83a3d"

[[metadata.targets]]
requires_python = "==3.12.*"

[[package]]
name = "mininet"
version = "2.3.0.dev6"
summary = "Process-based OpenFlow emulator"
groups = ["default"]
dependencies = [
    "setuptools",
]
files = [
    {file = "mininet-2.3.0.dev6-py2.py3-none-any.whl", hash = "sha256:2175d04efa37dd6df86d1ff80e1f55d0d388c0edd0c8f0fc467c52a72799a85b"},
    {file = "mininet-2.3.0.dev6.tar.gz", hash = "sha256:4d93983ab2709bf39764006d85b60b6ce1ee8897f8ebf1c3f848b7840f0632b8"},
]

[[package]]
name = "setuptools"
version = "78.1.0"
requires_python = ">=3.9"
summary = "Easily download, build, install, upgrade, and uninstall Python packages"
groups = ["default"]
files = [
    {file = "setuptools-78.1.0-py3-none-any.whl", hash = "sha256:3e386e96793c8702ae83d17b853fb93d3e09ef82ec62722e61da5cd22376dcd8"},
    {file = "setuptools-78.1.0.tar.gz", hash = "sha256:18fd474d4a82a5f83dac888df697af65afa82dec7323d09c3e37d1f14288da54"},
]
